
Microsoft Visual Studio Solution File, Format Version 12.00
# Visual Studio 15
VisualStudioVersion = 15.0.27004.2002
MinimumVisualStudioVersion = 10.0.40219.1
Project("{FAE04EC0-301F-11D3-BF4B-00C04F79EFBC}") = "BooksHometask", "BooksHometask\BooksHometask.csproj", "{B69A569B-592A-482B-B869-0E40FA846820}"
EndProject
Global
	GlobalSection(SolutionConfigurationPlatforms) = preSolution
		Debug|Any CPU = Debug|Any CPU
		Release|Any CPU = Release|Any CPU
	EndGlobalSection
	GlobalSection(ProjectConfigurationPlatforms) = postSolution
		{B69A569B-592A-482B-B869-0E40FA846820}.Debug|Any CPU.ActiveCfg = Debug|Any CPU
		{B69A569B-592A-482B-B869-0E40FA846820}.Debug|Any CPU.Build.0 = Debug|Any CPU
		{B69A569B-592A-482B-B869-0E40FA846820}.Release|Any CPU.ActiveCfg = Release|Any CPU
		{B69A569B-592A-482B-B869-0E40FA846820}.Release|Any CPU.Build.0 = Release|Any CPU
	EndGlobalSection
	GlobalSection(SolutionProperties) = preSolution
		HideSolutionNode = FALSE
	EndGlobalSection
	GlobalSection(ExtensibilityGlobals) = postSolution
		SolutionGuid = {47CB52E7-1671-44A0-9905-CDD8CB8FA372}
	EndGlobalSection
EndGlobal
